{
  "name": "Bamie",
  "lockfileVersion": 3,
  "requires": true,
  "packages": {
    "": {
      "dependencies": {
        "@neodrag/svelte": "^2.0.3"
      }
    },
    "node_modules/@neodrag/svelte": {
      "version": "2.0.3",
      "resolved": "https://registry.npmjs.org/@neodrag/svelte/-/svelte-2.0.3.tgz",
      "integrity": "sha512-/7k4Byv6guBs6NpfzOnqOep8PM3HjhPg1rRPNsJsGNGDXSJNB+tn9NAi/vTXJBos3vN9XPlbnr3g/lNKGfg+Jg=="
    }
  }
}
